
Microsoft Visual Studio Solution File, Format Version 12.00
# Visual Studio Version 16
VisualStudioVersion = 16.0.31702.278
MinimumVisualStudioVersion = 10.0.40219.1
Project("{FAE04EC0-301F-11D3-BF4B-00C04F79EFBC}") = "Stream_IO_Demo", "Stream_IO_Demo.csproj", "{670D0C18-1C9D-4485-B682-B92B2B17288D}"
EndProject
Global
	GlobalSection(SolutionConfigurationPlatforms) = preSolution
		Debug|Any CPU = Debug|Any CPU
		Release|Any CPU = Release|Any CPU
	EndGlobalSection
	GlobalSection(ProjectConfigurationPlatforms) = postSolution
		{670D0C18-1C9D-4485-B682-B92B2B17288D}.Debug|Any CPU.ActiveCfg = Debug|Any CPU
		{670D0C18-1C9D-4485-B682-B92B2B17288D}.Debug|Any CPU.Build.0 = Debug|Any CPU
		{670D0C18-1C9D-4485-B682-B92B2B17288D}.Release|Any CPU.ActiveCfg = Release|Any CPU
		{670D0C18-1C9D-4485-B682-B92B2B17288D}.Release|Any CPU.Build.0 = Release|Any CPU
	EndGlobalSection
	GlobalSection(SolutionProperties) = preSolution
		HideSolutionNode = FALSE
	EndGlobalSection
	GlobalSection(ExtensibilityGlobals) = postSolution
		SolutionGuid = {9BC600D9-A97D-4D17-95BB-62FED9D195CA}
	EndGlobalSection
EndGlobal
